
Microsoft Visual Studio Solution File, Format Version 12.00
# Visual Studio Version 16
VisualStudioVersion = 16.0.31424.327
MinimumVisualStudioVersion = 10.0.40219.1
Project("{FAE04EC0-301F-11D3-BF4B-00C04F79EFBC}") = "WpfApp1", "WpfApp1\WpfApp1.csproj", "{BCE30FA5-F077-40B0-A71D-2FD1CB5661BC}"
EndProject
Global
	GlobalSection(SolutionConfigurationPlatforms) = preSolution
		Debug|Any CPU = Debug|Any CPU
		Release|Any CPU = Release|Any CPU
	EndGlobalSection
	GlobalSection(ProjectConfigurationPlatforms) = postSolution
		{BCE30FA5-F077-40B0-A71D-2FD1CB5661BC}.Debug|Any CPU.ActiveCfg = Debug|Any CPU
		{BCE30FA5-F077-40B0-A71D-2FD1CB5661BC}.Debug|Any CPU.Build.0 = Debug|Any CPU
		{BCE30FA5-F077-40B0-A71D-2FD1CB5661BC}.Release|Any CPU.ActiveCfg = Release|Any CPU
		{BCE30FA5-F077-40B0-A71D-2FD1CB5661BC}.Release|Any CPU.Build.0 = Release|Any CPU
	EndGlobalSection
	GlobalSection(SolutionProperties) = preSolution
		HideSolutionNode = FALSE
	EndGlobalSection
	GlobalSection(ExtensibilityGlobals) = postSolution
		SolutionGuid = {8B04F370-D180-45F9-A66A-62AA732757BC}
	EndGlobalSection
EndGlobal
